
Microsoft Visual Studio Solution File, Format Version 12.00
# Visual Studio 15
VisualStudioVersion = 15.0.26124.0
MinimumVisualStudioVersion = 15.0.26124.0
Project("{2150E333-8FDC-42A3-9474-1A3956D46DE8}") = "src", "src", "{0A064E42-3EBB-4DB7-8D6A-75A21FEE3D66}"
EndProject
Project("{FAE04EC0-301F-11D3-BF4B-00C04F79EFBC}") = "Catalog.Api", "src\Catalog.Api\Catalog.Api.csproj", "{B675D362-344D-4B12-8DB7-85AEFC04EAF0}"
EndProject
Project("{FAE04EC0-301F-11D3-BF4B-00C04F79EFBC}") = "Catalog.Domain", "src\Catalog.Domain\Catalog.Domain.csproj", "{FE0F0217-2A84-43BC-9269-C59CAD389446}"
EndProject
Project("{FAE04EC0-301F-11D3-BF4B-00C04F79EFBC}") = "Catalog.Infrastructure", "src\Catalog.Infrastructure\Catalog.Infrastructure.csproj", "{813840A4-4A9E-4F47-85A6-C637E3453F7E}"
EndProject
Project("{2150E333-8FDC-42A3-9474-1A3956D46DE8}") = "tests", "tests", "{24C1062B-6B8B-41CF-91C7-5BE1B31779F7}"
EndProject
Project("{FAE04EC0-301F-11D3-BF4B-00C04F79EFBC}") = "Catalog.Infrastructure.Tests", "tests\Catalog.Infrastructure.Tests\Catalog.Infrastructure.Tests.csproj", "{61C98F30-A6E1-493D-B375-1E7AE0A875D1}"
EndProject
Project("{FAE04EC0-301F-11D3-BF4B-00C04F79EFBC}") = "Catalog.InfrastructureSP", "src\Catalog.InfrastructureSP\Catalog.InfrastructureSP.csproj", "{0FF53B31-660B-45BF-896D-F734389DC89F}"
EndProject
Project("{FAE04EC0-301F-11D3-BF4B-00C04F79EFBC}") = "Catalog.Fixtures", "tests\Catalog.Fixtures\Catalog.Fixtures.csproj", "{5C844C85-A0F0-426F-B5BB-57962392C735}"
EndProject
Project("{FAE04EC0-301F-11D3-BF4B-00C04F79EFBC}") = "Catalog.Domain.Tests", "tests\Catalog.Domain.Tests\Catalog.Domain.Tests.csproj", "{21718FCB-CC4B-47F3-B74E-675DC0AB565C}"
EndProject
Project("{FAE04EC0-301F-11D3-BF4B-00C04F79EFBC}") = "Catalog.Api.Tests", "tests\Catalog.Api.Tests\Catalog.Api.Tests.csproj", "{3DF5D6D0-1AE0-4908-BAFA-6FACEE8AF8F8}"
EndProject
Global
	GlobalSection(SolutionConfigurationPlatforms) = preSolution
		Debug|Any CPU = Debug|Any CPU
		Debug|x64 = Debug|x64
		Debug|x86 = Debug|x86
		Release|Any CPU = Release|Any CPU
		Release|x64 = Release|x64
		Release|x86 = Release|x86
	EndGlobalSection
	GlobalSection(SolutionProperties) = preSolution
		HideSolutionNode = FALSE
	EndGlobalSection
	GlobalSection(ProjectConfigurationPlatforms) = postSolution
		{B675D362-344D-4B12-8DB7-85AEFC04EAF0}.Debug|Any CPU.ActiveCfg = Debug|Any CPU
		{B675D362-344D-4B12-8DB7-85AEFC04EAF0}.Debug|Any CPU.Build.0 = Debug|Any CPU
		{B675D362-344D-4B12-8DB7-85AEFC04EAF0}.Debug|x64.ActiveCfg = Debug|Any CPU
		{B675D362-344D-4B12-8DB7-85AEFC04EAF0}.Debug|x64.Build.0 = Debug|Any CPU
		{B675D362-344D-4B12-8DB7-85AEFC04EAF0}.Debug|x86.ActiveCfg = Debug|Any CPU
		{B675D362-344D-4B12-8DB7-85AEFC04EAF0}.Debug|x86.Build.0 = Debug|Any CPU
		{B675D362-344D-4B12-8DB7-85AEFC04EAF0}.Release|Any CPU.ActiveCfg = Release|Any CPU
		{B675D362-344D-4B12-8DB7-85AEFC04EAF0}.Release|Any CPU.Build.0 = Release|Any CPU
		{B675D362-344D-4B12-8DB7-85AEFC04EAF0}.Release|x64.ActiveCfg = Release|Any CPU
		{B675D362-344D-4B12-8DB7-85AEFC04EAF0}.Release|x64.Build.0 = Release|Any CPU
		{B675D362-344D-4B12-8DB7-85AEFC04EAF0}.Release|x86.ActiveCfg = Release|Any CPU
		{B675D362-344D-4B12-8DB7-85AEFC04EAF0}.Release|x86.Build.0 = Release|Any CPU
		{FE0F0217-2A84-43BC-9269-C59CAD389446}.Debug|Any CPU.ActiveCfg = Debug|Any CPU
		{FE0F0217-2A84-43BC-9269-C59CAD389446}.Debug|Any CPU.Build.0 = Debug|Any CPU
		{FE0F0217-2A84-43BC-9269-C59CAD389446}.Debug|x64.ActiveCfg = Debug|Any CPU
		{FE0F0217-2A84-43BC-9269-C59CAD389446}.Debug|x64.Build.0 = Debug|Any CPU
		{FE0F0217-2A84-43BC-9269-C59CAD389446}.Debug|x86.ActiveCfg = Debug|Any CPU
		{FE0F0217-2A84-43BC-9269-C59CAD389446}.Debug|x86.Build.0 = Debug|Any CPU
		{FE0F0217-2A84-43BC-9269-C59CAD389446}.Release|Any CPU.ActiveCfg = Release|Any CPU
		{FE0F0217-2A84-43BC-9269-C59CAD389446}.Release|Any CPU.Build.0 = Release|Any CPU
		{FE0F0217-2A84-43BC-9269-C59CAD389446}.Release|x64.ActiveCfg = Release|Any CPU
		{FE0F0217-2A84-43BC-9269-C59CAD389446}.Release|x64.Build.0 = Release|Any CPU
		{FE0F0217-2A84-43BC-9269-C59CAD389446}.Release|x86.ActiveCfg = Release|Any CPU
		{FE0F0217-2A84-43BC-9269-C59CAD389446}.Release|x86.Build.0 = Release|Any CPU
		{813840A4-4A9E-4F47-85A6-C637E3453F7E}.Debug|Any CPU.ActiveCfg = Debug|Any CPU
		{813840A4-4A9E-4F47-85A6-C637E3453F7E}.Debug|Any CPU.Build.0 = Debug|Any CPU
		{813840A4-4A9E-4F47-85A6-C637E3453F7E}.Debug|x64.ActiveCfg = Debug|Any CPU
		{813840A4-4A9E-4F47-85A6-C637E3453F7E}.Debug|x64.Build.0 = Debug|Any CPU
		{813840A4-4A9E-4F47-85A6-C637E3453F7E}.Debug|x86.ActiveCfg = Debug|Any CPU
		{813840A4-4A9E-4F47-85A6-C637E3453F7E}.Debug|x86.Build.0 = Debug|Any CPU
		{813840A4-4A9E-4F47-85A6-C637E3453F7E}.Release|Any CPU.ActiveCfg = Release|Any CPU
		{813840A4-4A9E-4F47-85A6-C637E3453F7E}.Release|Any CPU.Build.0 = Release|Any CPU
		{813840A4-4A9E-4F47-85A6-C637E3453F7E}.Release|x64.ActiveCfg = Release|Any CPU
		{813840A4-4A9E-4F47-85A6-C637E3453F7E}.Release|x64.Build.0 = Release|Any CPU
		{813840A4-4A9E-4F47-85A6-C637E3453F7E}.Release|x86.ActiveCfg = Release|Any CPU
		{813840A4-4A9E-4F47-85A6-C637E3453F7E}.Release|x86.Build.0 = Release|Any CPU
		{61C98F30-A6E1-493D-B375-1E7AE0A875D1}.Debug|Any CPU.ActiveCfg = Debug|Any CPU
		{61C98F30-A6E1-493D-B375-1E7AE0A875D1}.Debug|Any CPU.Build.0 = Debug|Any CPU
		{61C98F30-A6E1-493D-B375-1E7AE0A875D1}.Debug|x64.ActiveCfg = Debug|Any CPU
		{61C98F30-A6E1-493D-B375-1E7AE0A875D1}.Debug|x64.Build.0 = Debug|Any CPU
		{61C98F30-A6E1-493D-B375-1E7AE0A875D1}.Debug|x86.ActiveCfg = Debug|Any CPU
		{61C98F30-A6E1-493D-B375-1E7AE0A875D1}.Debug|x86.Build.0 = Debug|Any CPU
		{61C98F30-A6E1-493D-B375-1E7AE0A875D1}.Release|Any CPU.ActiveCfg = Release|Any CPU
		{61C98F30-A6E1-493D-B375-1E7AE0A875D1}.Release|Any CPU.Build.0 = Release|Any CPU
		{61C98F30-A6E1-493D-B375-1E7AE0A875D1}.Release|x64.ActiveCfg = Release|Any CPU
		{61C98F30-A6E1-493D-B375-1E7AE0A875D1}.Release|x64.Build.0 = Release|Any CPU
		{61C98F30-A6E1-493D-B375-1E7AE0A875D1}.Release|x86.ActiveCfg = Release|Any CPU
		{61C98F30-A6E1-493D-B375-1E7AE0A875D1}.Release|x86.Build.0 = Release|Any CPU
		{0FF53B31-660B-45BF-896D-F734389DC89F}.Debug|Any CPU.ActiveCfg = Debug|Any CPU
		{0FF53B31-660B-45BF-896D-F734389DC89F}.Debug|Any CPU.Build.0 = Debug|Any CPU
		{0FF53B31-660B-45BF-896D-F734389DC89F}.Debug|x64.ActiveCfg = Debug|Any CPU
		{0FF53B31-660B-45BF-896D-F734389DC89F}.Debug|x64.Build.0 = Debug|Any CPU
		{0FF53B31-660B-45BF-896D-F734389DC89F}.Debug|x86.ActiveCfg = Debug|Any CPU
		{0FF53B31-660B-45BF-896D-F734389DC89F}.Debug|x86.Build.0 = Debug|Any CPU
		{0FF53B31-660B-45BF-896D-F734389DC89F}.Release|Any CPU.ActiveCfg = Release|Any CPU
		{0FF53B31-660B-45BF-896D-F734389DC89F}.Release|Any CPU.Build.0 = Release|Any CPU
		{0FF53B31-660B-45BF-896D-F734389DC89F}.Release|x64.ActiveCfg = Release|Any CPU
		{0FF53B31-660B-45BF-896D-F734389DC89F}.Release|x64.Build.0 = Release|Any CPU
		{0FF53B31-660B-45BF-896D-F734389DC89F}.Release|x86.ActiveCfg = Release|Any CPU
		{0FF53B31-660B-45BF-896D-F734389DC89F}.Release|x86.Build.0 = Release|Any CPU
		{5C844C85-A0F0-426F-B5BB-57962392C735}.Debug|Any CPU.ActiveCfg = Debug|Any CPU
		{5C844C85-A0F0-426F-B5BB-57962392C735}.Debug|Any CPU.Build.0 = Debug|Any CPU
		{5C844C85-A0F0-426F-B5BB-57962392C735}.Debug|x64.ActiveCfg = Debug|Any CPU
		{5C844C85-A0F0-426F-B5BB-57962392C735}.Debug|x64.Build.0 = Debug|Any CPU
		{5C844C85-A0F0-426F-B5BB-57962392C735}.Debug|x86.ActiveCfg = Debug|Any CPU
		{5C844C85-A0F0-426F-B5BB-57962392C735}.Debug|x86.Build.0 = Debug|Any CPU
		{5C844C85-A0F0-426F-B5BB-57962392C735}.Release|Any CPU.ActiveCfg = Release|Any CPU
		{5C844C85-A0F0-426F-B5BB-57962392C735}.Release|Any CPU.Build.0 = Release|Any CPU
		{5C844C85-A0F0-426F-B5BB-57962392C735}.Release|x64.ActiveCfg = Release|Any CPU
		{5C844C85-A0F0-426F-B5BB-57962392C735}.Release|x64.Build.0 = Release|Any CPU
		{5C844C85-A0F0-426F-B5BB-57962392C735}.Release|x86.ActiveCfg = Release|Any CPU
		{5C844C85-A0F0-426F-B5BB-57962392C735}.Release|x86.Build.0 = Release|Any CPU
		{21718FCB-CC4B-47F3-B74E-675DC0AB565C}.Debug|Any CPU.ActiveCfg = Debug|Any CPU
		{21718FCB-CC4B-47F3-B74E-675DC0AB565C}.Debug|Any CPU.Build.0 = Debug|Any CPU
		{21718FCB-CC4B-47F3-B74E-675DC0AB565C}.Debug|x64.ActiveCfg = Debug|Any CPU
		{21718FCB-CC4B-47F3-B74E-675DC0AB565C}.Debug|x64.Build.0 = Debug|Any CPU
		{21718FCB-CC4B-47F3-B74E-675DC0AB565C}.Debug|x86.ActiveCfg = Debug|Any CPU
		{21718FCB-CC4B-47F3-B74E-675DC0AB565C}.Debug|x86.Build.0 = Debug|Any CPU
		{21718FCB-CC4B-47F3-B74E-675DC0AB565C}.Release|Any CPU.ActiveCfg = Release|Any CPU
		{21718FCB-CC4B-47F3-B74E-675DC0AB565C}.Release|Any CPU.Build.0 = Release|Any CPU
		{21718FCB-CC4B-47F3-B74E-675DC0AB565C}.Release|x64.ActiveCfg = Release|Any CPU
		{21718FCB-CC4B-47F3-B74E-675DC0AB565C}.Release|x64.Build.0 = Release|Any CPU
		{21718FCB-CC4B-47F3-B74E-675DC0AB565C}.Release|x86.ActiveCfg = Release|Any CPU
		{21718FCB-CC4B-47F3-B74E-675DC0AB565C}.Release|x86.Build.0 = Release|Any CPU
		{3DF5D6D0-1AE0-4908-BAFA-6FACEE8AF8F8}.Debug|Any CPU.ActiveCfg = Debug|Any CPU
		{3DF5D6D0-1AE0-4908-BAFA-6FACEE8AF8F8}.Debug|Any CPU.Build.0 = Debug|Any CPU
		{3DF5D6D0-1AE0-4908-BAFA-6FACEE8AF8F8}.Debug|x64.ActiveCfg = Debug|Any CPU
		{3DF5D6D0-1AE0-4908-BAFA-6FACEE8AF8F8}.Debug|x64.Build.0 = Debug|Any CPU
		{3DF5D6D0-1AE0-4908-BAFA-6FACEE8AF8F8}.Debug|x86.ActiveCfg = Debug|Any CPU
		{3DF5D6D0-1AE0-4908-BAFA-6FACEE8AF8F8}.Debug|x86.Build.0 = Debug|Any CPU
		{3DF5D6D0-1AE0-4908-BAFA-6FACEE8AF8F8}.Release|Any CPU.ActiveCfg = Release|Any CPU
		{3DF5D6D0-1AE0-4908-BAFA-6FACEE8AF8F8}.Release|Any CPU.Build.0 = Release|Any CPU
		{3DF5D6D0-1AE0-4908-BAFA-6FACEE8AF8F8}.Release|x64.ActiveCfg = Release|Any CPU
		{3DF5D6D0-1AE0-4908-BAFA-6FACEE8AF8F8}.Release|x64.Build.0 = Release|Any CPU
		{3DF5D6D0-1AE0-4908-BAFA-6FACEE8AF8F8}.Release|x86.ActiveCfg = Release|Any CPU
		{3DF5D6D0-1AE0-4908-BAFA-6FACEE8AF8F8}.Release|x86.Build.0 = Release|Any CPU
	EndGlobalSection
	GlobalSection(NestedProjects) = preSolution
		{B675D362-344D-4B12-8DB7-85AEFC04EAF0} = {0A064E42-3EBB-4DB7-8D6A-75A21FEE3D66}
		{FE0F0217-2A84-43BC-9269-C59CAD389446} = {0A064E42-3EBB-4DB7-8D6A-75A21FEE3D66}
		{813840A4-4A9E-4F47-85A6-C637E3453F7E} = {0A064E42-3EBB-4DB7-8D6A-75A21FEE3D66}
		{61C98F30-A6E1-493D-B375-1E7AE0A875D1} = {24C1062B-6B8B-41CF-91C7-5BE1B31779F7}
		{0FF53B31-660B-45BF-896D-F734389DC89F} = {0A064E42-3EBB-4DB7-8D6A-75A21FEE3D66}
		{5C844C85-A0F0-426F-B5BB-57962392C735} = {24C1062B-6B8B-41CF-91C7-5BE1B31779F7}
		{21718FCB-CC4B-47F3-B74E-675DC0AB565C} = {24C1062B-6B8B-41CF-91C7-5BE1B31779F7}
		{3DF5D6D0-1AE0-4908-BAFA-6FACEE8AF8F8} = {24C1062B-6B8B-41CF-91C7-5BE1B31779F7}
	EndGlobalSection
EndGlobal
